
Microsoft Visual Studio Solution File, Format Version 12.00
# Visual Studio Version 17
VisualStudioVersion = 17.7.33711.374
MinimumVisualStudioVersion = 10.0.40219.1
Project("{FAE04EC0-301F-11D3-BF4B-00C04F79EFBC}") = "Sorter.BigFiles.App", "Sorter.BigFiles.App\Sorter.BigFiles.App.csproj", "{DD6B6727-C076-4DF0-8D12-EAC5BD72886B}"
EndProject
Global
	GlobalSection(SolutionConfigurationPlatforms) = preSolution
		Debug|Any CPU = Debug|Any CPU
		Release|Any CPU = Release|Any CPU
	EndGlobalSection
	GlobalSection(ProjectConfigurationPlatforms) = postSolution
		{DD6B6727-C076-4DF0-8D12-EAC5BD72886B}.Debug|Any CPU.ActiveCfg = Debug|Any CPU
		{DD6B6727-C076-4DF0-8D12-EAC5BD72886B}.Debug|Any CPU.Build.0 = Debug|Any CPU
		{DD6B6727-C076-4DF0-8D12-EAC5BD72886B}.Release|Any CPU.ActiveCfg = Release|Any CPU
		{DD6B6727-C076-4DF0-8D12-EAC5BD72886B}.Release|Any CPU.Build.0 = Release|Any CPU
	EndGlobalSection
	GlobalSection(SolutionProperties) = preSolution
		HideSolutionNode = FALSE
	EndGlobalSection
	GlobalSection(ExtensibilityGlobals) = postSolution
		SolutionGuid = {B82FF953-39CF-44E4-9464-0DF9F26C3D2E}
	EndGlobalSection
EndGlobal
