
Microsoft Visual Studio Solution File, Format Version 12.00
# Visual Studio Version 17
VisualStudioVersion = 17.7.33711.374
MinimumVisualStudioVersion = 10.0.40219.1
Project("{9A19103F-16F7-4668-BE54-9A1E7A4F7556}") = "Sorter.BigFiles.App", "Sorter.BigFiles.App\Sorter.BigFiles.App.csproj", "{DD6B6727-C076-4DF0-8D12-EAC5BD72886B}"
EndProject
Global
	GlobalSection(SolutionConfigurationPlatforms) = preSolution
		Debug|Any CPU = Debug|Any CPU
		Debug|x64 = Debug|x64
		Release|Any CPU = Release|Any CPU
		Release|x64 = Release|x64
	EndGlobalSection
	GlobalSection(ProjectConfigurationPlatforms) = postSolution
		{DD6B6727-C076-4DF0-8D12-EAC5BD72886B}.Debug|Any CPU.ActiveCfg = Debug|Any CPU
		{DD6B6727-C076-4DF0-8D12-EAC5BD72886B}.Debug|Any CPU.Build.0 = Debug|Any CPU
		{DD6B6727-C076-4DF0-8D12-EAC5BD72886B}.Debug|x64.ActiveCfg = Debug|x64
		{DD6B6727-C076-4DF0-8D12-EAC5BD72886B}.Debug|x64.Build.0 = Debug|x64
		{DD6B6727-C076-4DF0-8D12-EAC5BD72886B}.Release|Any CPU.ActiveCfg = Release|Any CPU
		{DD6B6727-C076-4DF0-8D12-EAC5BD72886B}.Release|Any CPU.Build.0 = Release|Any CPU
		{DD6B6727-C076-4DF0-8D12-EAC5BD72886B}.Release|x64.ActiveCfg = Release|x64
		{DD6B6727-C076-4DF0-8D12-EAC5BD72886B}.Release|x64.Build.0 = Release|x64
	EndGlobalSection
	GlobalSection(SolutionProperties) = preSolution
		HideSolutionNode = FALSE
	EndGlobalSection
	GlobalSection(ExtensibilityGlobals) = postSolution
		SolutionGuid = {B82FF953-39CF-44E4-9464-0DF9F26C3D2E}
	EndGlobalSection
EndGlobal
